
Microsoft Visual Studio Solution File, Format Version 12.00
# Visual Studio Version 16
VisualStudioVersion = 16.0.31105.61
MinimumVisualStudioVersion = 10.0.40219.1
Project("{FAE04EC0-301F-11D3-BF4B-00C04F79EFBC}") = "C5 Kacper Tkacz", "C5 Kacper Tkacz\C5 Kacper Tkacz.csproj", "{3AE3FBEA-F9CA-4133-9163-B770BA8D20EB}"
EndProject
Global
	GlobalSection(SolutionConfigurationPlatforms) = preSolution
		Debug|Any CPU = Debug|Any CPU
		Release|Any CPU = Release|Any CPU
	EndGlobalSection
	GlobalSection(ProjectConfigurationPlatforms) = postSolution
		{3AE3FBEA-F9CA-4133-9163-B770BA8D20EB}.Debug|Any CPU.ActiveCfg = Debug|Any CPU
		{3AE3FBEA-F9CA-4133-9163-B770BA8D20EB}.Debug|Any CPU.Build.0 = Debug|Any CPU
		{3AE3FBEA-F9CA-4133-9163-B770BA8D20EB}.Release|Any CPU.ActiveCfg = Release|Any CPU
		{3AE3FBEA-F9CA-4133-9163-B770BA8D20EB}.Release|Any CPU.Build.0 = Release|Any CPU
	EndGlobalSection
	GlobalSection(SolutionProperties) = preSolution
		HideSolutionNode = FALSE
	EndGlobalSection
	GlobalSection(ExtensibilityGlobals) = postSolution
		SolutionGuid = {A2518109-31AF-4642-876B-28CA00FAFAB5}
	EndGlobalSection
EndGlobal
