
Microsoft Visual Studio Solution File, Format Version 12.00
# Visual Studio Version 16
VisualStudioVersion = 16.0.31105.61
MinimumVisualStudioVersion = 10.0.40219.1
Project("{FAE04EC0-301F-11D3-BF4B-00C04F79EFBC}") = "Milionerzy Kacper Tkacz", "Milionerzy Kacper Tkacz\Milionerzy Kacper Tkacz.csproj", "{1252DCFF-D5AC-4777-B6FC-64CC420F571B}"
EndProject
Global
	GlobalSection(SolutionConfigurationPlatforms) = preSolution
		Debug|Any CPU = Debug|Any CPU
		Release|Any CPU = Release|Any CPU
	EndGlobalSection
	GlobalSection(ProjectConfigurationPlatforms) = postSolution
		{1252DCFF-D5AC-4777-B6FC-64CC420F571B}.Debug|Any CPU.ActiveCfg = Debug|Any CPU
		{1252DCFF-D5AC-4777-B6FC-64CC420F571B}.Debug|Any CPU.Build.0 = Debug|Any CPU
		{1252DCFF-D5AC-4777-B6FC-64CC420F571B}.Release|Any CPU.ActiveCfg = Release|Any CPU
		{1252DCFF-D5AC-4777-B6FC-64CC420F571B}.Release|Any CPU.Build.0 = Release|Any CPU
	EndGlobalSection
	GlobalSection(SolutionProperties) = preSolution
		HideSolutionNode = FALSE
	EndGlobalSection
	GlobalSection(ExtensibilityGlobals) = postSolution
		SolutionGuid = {4B715145-5037-4746-B5DD-A54F8FB9B1C6}
	EndGlobalSection
EndGlobal
